
Microsoft Visual Studio Solution File, Format Version 12.00
# Visual Studio Version 17
VisualStudioVersion = 17.7.34024.191
MinimumVisualStudioVersion = 10.0.40219.1
Project("{FAE04EC0-301F-11D3-BF4B-00C04F79EFBC}") = "CalculatorAppV2", "CalculatorAppV2.csproj", "{6525CFD5-D883-4F64-AA5A-1377F24B2D63}"
EndProject
Global
	GlobalSection(SolutionConfigurationPlatforms) = preSolution
		Debug|Any CPU = Debug|Any CPU
		Release|Any CPU = Release|Any CPU
	EndGlobalSection
	GlobalSection(ProjectConfigurationPlatforms) = postSolution
		{6525CFD5-D883-4F64-AA5A-1377F24B2D63}.Debug|Any CPU.ActiveCfg = Debug|Any CPU
		{6525CFD5-D883-4F64-AA5A-1377F24B2D63}.Debug|Any CPU.Build.0 = Debug|Any CPU
		{6525CFD5-D883-4F64-AA5A-1377F24B2D63}.Release|Any CPU.ActiveCfg = Release|Any CPU
		{6525CFD5-D883-4F64-AA5A-1377F24B2D63}.Release|Any CPU.Build.0 = Release|Any CPU
	EndGlobalSection
	GlobalSection(SolutionProperties) = preSolution
		HideSolutionNode = FALSE
	EndGlobalSection
	GlobalSection(ExtensibilityGlobals) = postSolution
		SolutionGuid = {0E0CD6E4-8367-438B-A7E1-11DCBAA2080F}
	EndGlobalSection
EndGlobal
